
Microsoft Visual Studio Solution File, Format Version 12.00
# Visual Studio 14
VisualStudioVersion = 14.0.24720.0
MinimumVisualStudioVersion = 10.0.40219.1
Project("{FAE04EC0-301F-11D3-BF4B-00C04F79EFBC}") = "BrainSharp", "BrainSharp\BrainSharp.csproj", "{E951FDE5-C389-43A9-ADC8-C43787F5C15A}"
EndProject
Project("{FAE04EC0-301F-11D3-BF4B-00C04F79EFBC}") = "Launcher", "Launcher\Launcher.csproj", "{6E2EA545-A3DF-4CD5-B986-1A7A4B4BC298}"
EndProject
Global
	GlobalSection(SolutionConfigurationPlatforms) = preSolution
		Debug|Any CPU = Debug|Any CPU
		Release|Any CPU = Release|Any CPU
	EndGlobalSection
	GlobalSection(ProjectConfigurationPlatforms) = postSolution
		{E951FDE5-C389-43A9-ADC8-C43787F5C15A}.Debug|Any CPU.ActiveCfg = Debug|Any CPU
		{E951FDE5-C389-43A9-ADC8-C43787F5C15A}.Debug|Any CPU.Build.0 = Debug|Any CPU
		{E951FDE5-C389-43A9-ADC8-C43787F5C15A}.Release|Any CPU.ActiveCfg = Release|Any CPU
		{E951FDE5-C389-43A9-ADC8-C43787F5C15A}.Release|Any CPU.Build.0 = Release|Any CPU
		{6E2EA545-A3DF-4CD5-B986-1A7A4B4BC298}.Debug|Any CPU.ActiveCfg = Debug|Any CPU
		{6E2EA545-A3DF-4CD5-B986-1A7A4B4BC298}.Debug|Any CPU.Build.0 = Debug|Any CPU
		{6E2EA545-A3DF-4CD5-B986-1A7A4B4BC298}.Release|Any CPU.ActiveCfg = Release|Any CPU
		{6E2EA545-A3DF-4CD5-B986-1A7A4B4BC298}.Release|Any CPU.Build.0 = Release|Any CPU
	EndGlobalSection
	GlobalSection(SolutionProperties) = preSolution
		HideSolutionNode = FALSE
	EndGlobalSection
EndGlobal
